// !$*UTF8*$!
{
	archiveVersion = 1;
	classes = {
	};
	objectVersion = 46;
	objects = {

/* Begin PBXBuildFile section */
		70186F7D1BC912450082A71F /* main.m in Sources */ = {isa = PBXBuildFile; fileRef = 70186F7C1BC912450082A71F /* main.m */; };
		70186F801BC912450082A71F /* AppDelegate.m in Sources */ = {isa = PBXBuildFile; fileRef = 70186F7F1BC912450082A71F /* AppDelegate.m */; };
		70186F831BC912450082A71F /* ViewController.m in Sources */ = {isa = PBXBuildFile; fileRef = 70186F821BC912450082A71F /* ViewController.m */; };
		70186F861BC912450082A71F /* Main.storyboard in Resources */ = {isa = PBXBuildFile; fileRef = 70186F841BC912450082A71F /* Main.storyboard */; };
		70186F881BC912450082A71F /* Assets.xcassets in Resources */ = {isa = PBXBuildFile; fileRef = 70186F871BC912450082A71F /* Assets.xcassets */; };
		70186F8B1BC912450082A71F /* LaunchScreen.storyboard in Resources */ = {isa = PBXBuildFile; fileRef = 70186F891BC912450082A71F /* LaunchScreen.storyboard */; };
		70186F961BC912450082A71F /* _7_____Tests.m in Sources */ = {isa = PBXBuildFile; fileRef = 70186F951BC912450082A71F /* _7_____Tests.m */; };
		70186FA11BC912460082A71F /* _7_____UITests.m in Sources */ = {isa = PBXBuildFile; fileRef = 70186FA01BC912460082A71F /* _7_____UITests.m */; };
		70186FA61BC912460082A71F /* 07-多控制器 WatchKit App.app in Embed Watch Content */ = {isa = PBXBuildFile; fileRef = 70186FA51BC912460082A71F /* 07-多控制器 WatchKit App.app */; };
		70186FAC1BC912460082A71F /* Interface.storyboard in Resources */ = {isa = PBXBuildFile; fileRef = 70186FAA1BC912460082A71F /* Interface.storyboard */; };
		70186FAE1BC912460082A71F /* Assets.xcassets in Resources */ = {isa = PBXBuildFile; fileRef = 70186FAD1BC912460082A71F /* Assets.xcassets */; };
		70186FB51BC912460082A71F /* 07-多控制器 WatchKit Extension.appex in Embed App Extensions */ = {isa = PBXBuildFile; fileRef = 70186FB41BC912460082A71F /* 07-多控制器 WatchKit Extension.appex */; settings = {ATTRIBUTES = (RemoveHeadersOnCopy, ); }; };
		70186FBD1BC912460082A71F /* InterfaceController.m in Sources */ = {isa = PBXBuildFile; fileRef = 70186FBC1BC912460082A71F /* InterfaceController.m */; };
		70186FC01BC912460082A71F /* ExtensionDelegate.m in Sources */ = {isa = PBXBuildFile; fileRef = 70186FBF1BC912460082A71F /* ExtensionDelegate.m */; };
		70186FC31BC912460082A71F /* NotificationController.m in Sources */ = {isa = PBXBuildFile; fileRef = 70186FC21BC912460082A71F /* NotificationController.m */; };
		70186FC51BC912460082A71F /* Assets.xcassets in Resources */ = {isa = PBXBuildFile; fileRef = 70186FC41BC912460082A71F /* Assets.xcassets */; };
/* End PBXBuildFile section */

/* Begin PBXContainerItemProxy section */
		70186F921BC912450082A71F /* PBXContainerItemProxy */ = {
			isa = PBXContainerItemProxy;
			containerPortal = 70186F701BC912450082A71F /* Project object */;
			proxyType = 1;
			remoteGlobalIDString = 70186F771BC912450082A71F;
			remoteInfo = "07-多控制器";
		};
		70186F9D1BC912450082A71F /* PBXContainerItemProxy */ = {
			isa = PBXContainerItemProxy;
			containerPortal = 70186F701BC912450082A71F /* Project object */;
			proxyType = 1;
			remoteGlobalIDString = 70186F771BC912450082A71F;
			remoteInfo = "07-多控制器";
		};
		70186FA71BC912460082A71F /* PBXContainerItemProxy */ = {
			isa = PBXContainerItemProxy;
			containerPortal = 70186F701BC912450082A71F /* Project object */;
			proxyType = 1;
			remoteGlobalIDString = 70186FA41BC912460082A71F;
			remoteInfo = "07-多控制器 WatchKit App";
		};
		70186FB61BC912460082A71F /* PBXContainerItemProxy */ = {
			isa = PBXContainerItemProxy;
			containerPortal = 70186F701BC912450082A71F /* Project object */;
			proxyType = 1;
			remoteGlobalIDString = 70186FB31BC912460082A71F;
			remoteInfo = "07-多控制器 WatchKit Extension";
		};
/* End PBXContainerItemProxy section */

/* Begin PBXCopyFilesBuildPhase section */
		70186FCC1BC912460082A71F /* Embed App Extensions */ = {
			isa = PBXCopyFilesBuildPhase;
			buildActionMask = 2147483647;
			dstPath = "";
			dstSubfolderSpec = 13;
			files = (
				70186FB51BC912460082A71F /* 07-多控制器 WatchKit Extension.appex in Embed App Extensions */,
			);
			name = "Embed App Extensions";
			runOnlyForDeploymentPostprocessing = 0;
		};
		70186FD01BC912460082A71F /* Embed Watch Content */ = {
			isa = PBXCopyFilesBuildPhase;
			buildActionMask = 2147483647;
			dstPath = "$(CONTENTS_FOLDER_PATH)/Watch";
			dstSubfolderSpec = 16;
			files = (
				70186FA61BC912460082A71F /* 07-多控制器 WatchKit App.app in Embed Watch Content */,
			);
			name = "Embed Watch Content";
			runOnlyForDeploymentPostprocessing = 0;
		};
/* End PBXCopyFilesBuildPhase section */

/* Begin PBXFileReference section */
		70186F781BC912450082A71F /* 07-多控制器.app */ = {isa = PBXFileReference; explicitFileType = wrapper.application; includeInIndex = 0; path = "07-多控制器.app"; sourceTree = BUILT_PRODUCTS_DIR; };
		70186F7C1BC912450082A71F /* main.m */ = {isa = PBXFileReference; lastKnownFileType = sourcecode.c.objc; path = main.m; sourceTree = "<group>"; };
		70186F7E1BC912450082A71F /* AppDelegate.h */ = {isa = PBXFileReference; lastKnownFileType = sourcecode.c.h; path = AppDelegate.h; sourceTree = "<group>"; };
		70186F7F1BC912450082A71F /* AppDelegate.m */ = {isa = PBXFileReference; lastKnownFileType = sourcecode.c.objc; path = AppDelegate.m; sourceTree = "<group>"; };
		70186F811BC912450082A71F /* ViewController.h */ = {isa = PBXFileReference; lastKnownFileType = sourcecode.c.h; path = ViewController.h; sourceTree = "<group>"; };
		70186F821BC912450082A71F /* ViewController.m */ = {isa = PBXFileReference; lastKnownFileType = sourcecode.c.objc; path = ViewController.m; sourceTree = "<group>"; };
		70186F851BC912450082A71F /* Base */ = {isa = PBXFileReference; lastKnownFileType = file.storyboard; name = Base; path = Base.lproj/Main.storyboard; sourceTree = "<group>"; };
		70186F871BC912450082A71F /* Assets.xcassets */ = {isa = PBXFileReference; lastKnownFileType = folder.assetcatalog; path = Assets.xcassets; sourceTree = "<group>"; };
		70186F8A1BC912450082A71F /* Base */ = {isa = PBXFileReference; lastKnownFileType = file.storyboard; name = Base; path = Base.lproj/LaunchScreen.storyboard; sourceTree = "<group>"; };
		70186F8C1BC912450082A71F /* Info.plist */ = {isa = PBXFileReference; lastKnownFileType = text.plist.xml; path = Info.plist; sourceTree = "<group>"; };
		70186F911BC912450082A71F /* 07-多控制器Tests.xctest */ = {isa = PBXFileReference; explicitFileType = wrapper.cfbundle; includeInIndex = 0; path = "07-多控制器Tests.xctest"; sourceTree = BUILT_PRODUCTS_DIR; };
		70186F951BC912450082A71F /* _7_____Tests.m */ = {isa = PBXFileReference; lastKnownFileType = sourcecode.c.objc; path = "_7_____Tests.m"; sourceTree = "<group>"; };
		70186F971BC912450082A71F /* Info.plist */ = {isa = PBXFileReference; lastKnownFileType = text.plist.xml; path = Info.plist; sourceTree = "<group>"; };
		70186F9C1BC912450082A71F /* 07-多控制器UITests.xctest */ = {isa = PBXFileReference; explicitFileType = wrapper.cfbundle; includeInIndex = 0; path = "07-多控制器UITests.xctest"; sourceTree = BUILT_PRODUCTS_DIR; };
		70186FA01BC912460082A71F /* _7_____UITests.m */ = {isa = PBXFileReference; lastKnownFileType = sourcecode.c.objc; path = "_7_____UITests.m"; sourceTree = "<group>"; };
		70186FA21BC912460082A71F /* Info.plist */ = {isa = PBXFileReference; lastKnownFileType = text.plist.xml; path = Info.plist; sourceTree = "<group>"; };
		70186FA51BC912460082A71F /* 07-多控制器 WatchKit App.app */ = {isa = PBXFileReference; explicitFileType = wrapper.application; includeInIndex = 0; path = "07-多控制器 WatchKit App.app"; sourceTree = BUILT_PRODUCTS_DIR; };
		70186FAB1BC912460082A71F /* Base */ = {isa = PBXFileReference; lastKnownFileType = file.storyboard; name = Base; path = Base.lproj/Interface.storyboard; sourceTree = "<group>"; };
		70186FAD1BC912460082A71F /* Assets.xcassets */ = {isa = PBXFileReference; lastKnownFileType = folder.assetcatalog; path = Assets.xcassets; sourceTree = "<group>"; };
		70186FAF1BC912460082A71F /* Info.plist */ = {isa = PBXFileReference; lastKnownFileType = text.plist.xml; path = Info.plist; sourceTree = "<group>"; };
		70186FB41BC912460082A71F /* 07-多控制器 WatchKit Extension.appex */ = {isa = PBXFileReference; explicitFileType = "wrapper.app-extension"; includeInIndex = 0; path = "07-多控制器 WatchKit Extension.appex"; sourceTree = BUILT_PRODUCTS_DIR; };
		70186FBA1BC912460082A71F /* PushNotificationPayload.apns */ = {isa = PBXFileReference; lastKnownFileType = text; path = PushNotificationPayload.apns; sourceTree = "<group>"; };
		70186FBB1BC912460082A71F /* InterfaceController.h */ = {isa = PBXFileReference; lastKnownFileType = sourcecode.c.h; path = InterfaceController.h; sourceTree = "<group>"; };
		70186FBC1BC912460082A71F /* InterfaceController.m */ = {isa = PBXFileReference; lastKnownFileType = sourcecode.c.objc; path = InterfaceController.m; sourceTree = "<group>"; };
		70186FBE1BC912460082A71F /* ExtensionDelegate.h */ = {isa = PBXFileReference; lastKnownFileType = sourcecode.c.h; path = ExtensionDelegate.h; sourceTree = "<group>"; };
		70186FBF1BC912460082A71F /* ExtensionDelegate.m */ = {isa = PBXFileReference; lastKnownFileType = sourcecode.c.objc; path = ExtensionDelegate.m; sourceTree = "<group>"; };
		70186FC11BC912460082A71F /* NotificationController.h */ = {isa = PBXFileReference; lastKnownFileType = sourcecode.c.h; path = NotificationController.h; sourceTree = "<group>"; };
		70186FC21BC912460082A71F /* NotificationController.m */ = {isa = PBXFileReference; lastKnownFileType = sourcecode.c.objc; path = NotificationController.m; sourceTree = "<group>"; };
		70186FC41BC912460082A71F /* Assets.xcassets */ = {isa = PBXFileReference; lastKnownFileType = folder.assetcatalog; path = Assets.xcassets; sourceTree = "<group>"; };
		70186FC61BC912460082A71F /* Info.plist */ = {isa = PBXFileReference; lastKnownFileType = text.plist.xml; path = Info.plist; sourceTree = "<group>"; };
/* End PBXFileReference section */

/* Begin PBXFrameworksBuildPhase section */
		70186F751BC912450082A71F /* Frameworks */ = {
			isa = PBXFrameworksBuildPhase;
			buildActionMask = 2147483647;
			files = (
			);
			runOnlyForDeploymentPostprocessing = 0;
		};
		70186F8E1BC912450082A71F /* Frameworks */ = {
			isa = PBXFrameworksBuildPhase;
			buildActionMask = 2147483647;
			files = (
			);
			runOnlyForDeploymentPostprocessing = 0;
		};
		70186F991BC912450082A71F /* Frameworks */ = {
			isa = PBXFrameworksBuildPhase;
			buildActionMask = 2147483647;
			files = (
			);
			runOnlyForDeploymentPostprocessing = 0;
		};
		70186FB11BC912460082A71F /* Frameworks */ = {
			isa = PBXFrameworksBuildPhase;
			buildActionMask = 2147483647;
			files = (
			);
			runOnlyForDeploymentPostprocessing = 0;
		};
/* End PBXFrameworksBuildPhase section */

/* Begin PBXGroup section */
		70186F6F1BC912450082A71F = {
			isa = PBXGroup;
			children = (
				70186F7A1BC912450082A71F /* 07-多控制器 */,
				70186F941BC912450082A71F /* 07-多控制器Tests */,
				70186F9F1BC912460082A71F /* 07-多控制器UITests */,
				70186FA91BC912460082A71F /* 07-多控制器 WatchKit App */,
				70186FB81BC912460082A71F /* 07-多控制器 WatchKit Extension */,
				70186F791BC912450082A71F /* Products */,
			);
			sourceTree = "<group>";
		};
		70186F791BC912450082A71F /* Products */ = {
			isa = PBXGroup;
			children = (
				70186F781BC912450082A71F /* 07-多控制器.app */,
				70186F911BC912450082A71F /* 07-多控制器Tests.xctest */,
				70186F9C1BC912450082A71F /* 07-多控制器UITests.xctest */,
				70186FA51BC912460082A71F /* 07-多控制器 WatchKit App.app */,
				70186FB41BC912460082A71F /* 07-多控制器 WatchKit Extension.appex */,
			);
			name = Products;
			sourceTree = "<group>";
		};
		70186F7A1BC912450082A71F /* 07-多控制器 */ = {
			isa = PBXGroup;
			children = (
				70186F7E1BC912450082A71F /* AppDelegate.h */,
				70186F7F1BC912450082A71F /* AppDelegate.m */,
				70186F811BC912450082A71F /* ViewController.h */,
				70186F821BC912450082A71F /* ViewController.m */,
				70186F841BC912450082A71F /* Main.storyboard */,
				70186F871BC912450082A71F /* Assets.xcassets */,
				70186F891BC912450082A71F /* LaunchScreen.storyboard */,
				70186F8C1BC912450082A71F /* Info.plist */,
				70186F7B1BC912450082A71F /* Supporting Files */,
			);
			path = "07-多控制器";
			sourceTree = "<group>";
		};
		70186F7B1BC912450082A71F /* Supporting Files */ = {
			isa = PBXGroup;
			children = (
				70186F7C1BC912450082A71F /* main.m */,
			);
			name = "Supporting Files";
			sourceTree = "<group>";
		};
		70186F941BC912450082A71F /* 07-多控制器Tests */ = {
			isa = PBXGroup;
			children = (
				70186F951BC912450082A71F /* _7_____Tests.m */,
				70186F971BC912450082A71F /* Info.plist */,
			);
			path = "07-多控制器Tests";
			sourceTree = "<group>";
		};
		70186F9F1BC912460082A71F /* 07-多控制器UITests */ = {
			isa = PBXGroup;
			children = (
				70186FA01BC912460082A71F /* _7_____UITests.m */,
				70186FA21BC912460082A71F /* Info.plist */,
			);
			path = "07-多控制器UITests";
			sourceTree = "<group>";
		};
		70186FA91BC912460082A71F /* 07-多控制器 WatchKit App */ = {
			isa = PBXGroup;
			children = (
				70186FAA1BC912460082A71F /* Interface.storyboard */,
				70186FAD1BC912460082A71F /* Assets.xcassets */,
				70186FAF1BC912460082A71F /* Info.plist */,
			);
			path = "07-多控制器 WatchKit App";
			sourceTree = "<group>";
		};
		70186FB81BC912460082A71F /* 07-多控制器 WatchKit Extension */ = {
			isa = PBXGroup;
			children = (
				70186FBB1BC912460082A71F /* InterfaceController.h */,
				70186FBC1BC912460082A71F /* InterfaceController.m */,
				70186FBE1BC912460082A71F /* ExtensionDelegate.h */,
				70186FBF1BC912460082A71F /* ExtensionDelegate.m */,
				70186FC11BC912460082A71F /* NotificationController.h */,
				70186FC21BC912460082A71F /* NotificationController.m */,
				70186FC41BC912460082A71F /* Assets.xcassets */,
				70186FC61BC912460082A71F /* Info.plist */,
				70186FB91BC912460082A71F /* Supporting Files */,
			);
			path = "07-多控制器 WatchKit Extension";
			sourceTree = "<group>";
		};
		70186FB91BC912460082A71F /* Supporting Files */ = {
			isa = PBXGroup;
			children = (
				70186FBA1BC912460082A71F /* PushNotificationPayload.apns */,
			);
			name = "Supporting Files";
			sourceTree = "<group>";
		};
/* End PBXGroup section */

/* Begin PBXNativeTarget section */
		70186F771BC912450082A71F /* 07-多控制器 */ = {
			isa = PBXNativeTarget;
			buildConfigurationList = 70186FD11BC912460082A71F /* Build configuration list for PBXNativeTarget "07-多控制器" */;
			buildPhases = (
				70186F741BC912450082A71F /* Sources */,
				70186F751BC912450082A71F /* Frameworks */,
				70186F761BC912450082A71F /* Resources */,
				70186FD01BC912460082A71F /* Embed Watch Content */,
			);
			buildRules = (
			);
			dependencies = (
				70186FA81BC912460082A71F /* PBXTargetDependency */,
			);
			name = "07-多控制器";
			productName = "07-多控制器";
			productReference = 70186F781BC912450082A71F /* 07-多控制器.app */;
			productType = "com.apple.product-type.application";
		};
		70186F901BC912450082A71F /* 07-多控制器Tests */ = {
			isa = PBXNativeTarget;
			buildConfigurationList = 70186FD41BC912460082A71F /* Build configuration list for PBXNativeTarget "07-多控制器Tests" */;
			buildPhases = (
				70186F8D1BC912450082A71F /* Sources */,
				70186F8E1BC912450082A71F /* Frameworks */,
				70186F8F1BC912450082A71F /* Resources */,
			);
			buildRules = (
			);
			dependencies = (
				70186F931BC912450082A71F /* PBXTargetDependency */,
			);
			name = "07-多控制器Tests";
			productName = "07-多控制器Tests";
			productReference = 70186F911BC912450082A71F /* 07-多控制器Tests.xctest */;
			productType = "com.apple.product-type.bundle.unit-test";
		};
		70186F9B1BC912450082A71F /* 07-多控制器UITests */ = {
			isa = PBXNativeTarget;
			buildConfigurationList = 70186FD71BC912460082A71F /* Build configuration list for PBXNativeTarget "07-多控制器UITests" */;
			buildPhases = (
				70186F981BC912450082A71F /* Sources */,
				70186F991BC912450082A71F /* Frameworks */,
				70186F9A1BC912450082A71F /* Resources */,
			);
			buildRules = (
			);
			dependencies = (
				70186F9E1BC912450082A71F /* PBXTargetDependency */,
			);
			name = "07-多控制器UITests";
			productName = "07-多控制器UITests";
			productReference = 70186F9C1BC912450082A71F /* 07-多控制器UITests.xctest */;
			productType = "com.apple.product-type.bundle.ui-testing";
		};
		70186FA41BC912460082A71F /* 07-多控制器 WatchKit App */ = {
			isa = PBXNativeTarget;
			buildConfigurationList = 70186FCD1BC912460082A71F /* Build configuration list for PBXNativeTarget "07-多控制器 WatchKit App" */;
			buildPhases = (
				70186FA31BC912460082A71F /* Resources */,
				70186FCC1BC912460082A71F /* Embed App Extensions */,
			);
			buildRules = (
			);
			dependencies = (
				70186FB71BC912460082A71F /* PBXTargetDependency */,
			);
			name = "07-多控制器 WatchKit App";
			productName = "07-多控制器 WatchKit App";
			productReference = 70186FA51BC912460082A71F /* 07-多控制器 WatchKit App.app */;
			productType = "com.apple.product-type.application.watchapp2";
		};
		70186FB31BC912460082A71F /* 07-多控制器 WatchKit Extension */ = {
			isa = PBXNativeTarget;
			buildConfigurationList = 70186FC91BC912460082A71F /* Build configuration list for PBXNativeTarget "07-多控制器 WatchKit Extension" */;
			buildPhases = (
				70186FB01BC912460082A71F /* Sources */,
				70186FB11BC912460082A71F /* Frameworks */,
				70186FB21BC912460082A71F /* Resources */,
			);
			buildRules = (
			);
			dependencies = (
			);
			name = "07-多控制器 WatchKit Extension";
			productName = "07-多控制器 WatchKit Extension";
			productReference = 70186FB41BC912460082A71F /* 07-多控制器 WatchKit Extension.appex */;
			productType = "com.apple.product-type.watchkit2-extension";
		};
/* End PBXNativeTarget section */

/* Begin PBXProject section */
		70186F701BC912450082A71F /* Project object */ = {
			isa = PBXProject;
			attributes = {
				LastUpgradeCheck = 0700;
				ORGANIZATIONNAME = "小码哥";
				TargetAttributes = {
					70186F771BC912450082A71F = {
						CreatedOnToolsVersion = 7.0;
					};
					70186F901BC912450082A71F = {
						CreatedOnToolsVersion = 7.0;
						TestTargetID = 70186F771BC912450082A71F;
					};
					70186F9B1BC912450082A71F = {
						CreatedOnToolsVersion = 7.0;
						TestTargetID = 70186F771BC912450082A71F;
					};
					70186FA41BC912460082A71F = {
						CreatedOnToolsVersion = 7.0;
					};
					70186FB31BC912460082A71F = {
						CreatedOnToolsVersion = 7.0;
					};
				};
			};
			buildConfigurationList = 70186F731BC912450082A71F /* Build configuration list for PBXProject "07-多控制器" */;
			compatibilityVersion = "Xcode 3.2";
			developmentRegion = English;
			hasScannedForEncodings = 0;
			knownRegions = (
				en,
				Base,
			);
			mainGroup = 70186F6F1BC912450082A71F;
			productRefGroup = 70186F791BC912450082A71F /* Products */;
			projectDirPath = "";
			projectRoot = "";
			targets = (
				70186F771BC912450082A71F /* 07-多控制器 */,
				70186F901BC912450082A71F /* 07-多控制器Tests */,
				70186F9B1BC912450082A71F /* 07-多控制器UITests */,
				70186FA41BC912460082A71F /* 07-多控制器 WatchKit App */,
				70186FB31BC912460082A71F /* 07-多控制器 WatchKit Extension */,
			);
		};
/* End PBXProject section */

/* Begin PBXResourcesBuildPhase section */
		70186F761BC912450082A71F /* Resources */ = {
			isa = PBXResourcesBuildPhase;
			buildActionMask = 2147483647;
			files = (
				70186F8B1BC912450082A71F /* LaunchScreen.storyboard in Resources */,
				70186F881BC912450082A71F /* Assets.xcassets in Resources */,
				70186F861BC912450082A71F /* Main.storyboard in Resources */,
			);
			runOnlyForDeploymentPostprocessing = 0;
		};
		70186F8F1BC912450082A71F /* Resources */ = {
			isa = PBXResourcesBuildPhase;
			buildActionMask = 2147483647;
			files = (
			);
			runOnlyForDeploymentPostprocessing = 0;
		};
		70186F9A1BC912450082A71F /* Resources */ = {
			isa = PBXResourcesBuildPhase;
			buildActionMask = 2147483647;
			files = (
			);
			runOnlyForDeploymentPostprocessing = 0;
		};
		70186FA31BC912460082A71F /* Resources */ = {
			isa = PBXResourcesBuildPhase;
			buildActionMask = 2147483647;
			files = (
				70186FAE1BC912460082A71F /* Assets.xcassets in Resources */,
				70186FAC1BC912460082A71F /* Interface.storyboard in Resources */,
			);
			runOnlyForDeploymentPostprocessing = 0;
		};
		70186FB21BC912460082A71F /* Resources */ = {
			isa = PBXResourcesBuildPhase;
			buildActionMask = 2147483647;
			files = (
				70186FC51BC912460082A71F /* Assets.xcassets in Resources */,
			);
			runOnlyForDeploymentPostprocessing = 0;
		};
/* End PBXResourcesBuildPhase section */

/* Begin PBXSourcesBuildPhase section */
		70186F741BC912450082A71F /* Sources */ = {
			isa = PBXSourcesBuildPhase;
			buildActionMask = 2147483647;
			files = (
				70186F831BC912450082A71F /* ViewController.m in Sources */,
				70186F801BC912450082A71F /* AppDelegate.m in Sources */,
				70186F7D1BC912450082A71F /* main.m in Sources */,
			);
			runOnlyForDeploymentPostprocessing = 0;
		};
		70186F8D1BC912450082A71F /* Sources */ = {
			isa = PBXSourcesBuildPhase;
			buildActionMask = 2147483647;
			files = (
				70186F961BC912450082A71F /* _7_____Tests.m in Sources */,
			);
			runOnlyForDeploymentPostprocessing = 0;
		};
		70186F981BC912450082A71F /* Sources */ = {
			isa = PBXSourcesBuildPhase;
			buildActionMask = 2147483647;
			files = (
				70186FA11BC912460082A71F /* _7_____UITests.m in Sources */,
			);
			runOnlyForDeploymentPostprocessing = 0;
		};
		70186FB01BC912460082A71F /* Sources */ = {
			isa = PBXSourcesBuildPhase;
			buildActionMask = 2147483647;
			files = (
				70186FC01BC912460082A71F /* ExtensionDelegate.m in Sources */,
				70186FBD1BC912460082A71F /* InterfaceController.m in Sources */,
				70186FC31BC912460082A71F /* NotificationController.m in Sources */,
			);
			runOnlyForDeploymentPostprocessing = 0;
		};
/* End PBXSourcesBuildPhase section */

/* Begin PBXTargetDependency section */
		70186F931BC912450082A71F /* PBXTargetDependency */ = {
			isa = PBXTargetDependency;
			target = 70186F771BC912450082A71F /* 07-多控制器 */;
			targetProxy = 70186F921BC912450082A71F /* PBXContainerItemProxy */;
		};
		70186F9E1BC912450082A71F /* PBXTargetDependency */ = {
			isa = PBXTargetDependency;
			target = 70186F771BC912450082A71F /* 07-多控制器 */;
			targetProxy = 70186F9D1BC912450082A71F /* PBXContainerItemProxy */;
		};
		70186FA81BC912460082A71F /* PBXTargetDependency */ = {
			isa = PBXTargetDependency;
			target = 70186FA41BC912460082A71F /* 07-多控制器 WatchKit App */;
			targetProxy = 70186FA71BC912460082A71F /* PBXContainerItemProxy */;
		};
		70186FB71BC912460082A71F /* PBXTargetDependency */ = {
			isa = PBXTargetDependency;
			target = 70186FB31BC912460082A71F /* 07-多控制器 WatchKit Extension */;
			targetProxy = 70186FB61BC912460082A71F /* PBXContainerItemProxy */;
		};
/* End PBXTargetDependency section */

/* Begin PBXVariantGroup section */
		70186F841BC912450082A71F /* Main.storyboard */ = {
			isa = PBXVariantGroup;
			children = (
				70186F851BC912450082A71F /* Base */,
			);
			name = Main.storyboard;
			sourceTree = "<group>";
		};
		70186F891BC912450082A71F /* LaunchScreen.storyboard */ = {
			isa = PBXVariantGroup;
			children = (
				70186F8A1BC912450082A71F /* Base */,
			);
			name = LaunchScreen.storyboard;
			sourceTree = "<group>";
		};
		70186FAA1BC912460082A71F /* Interface.storyboard */ = {
			isa = PBXVariantGroup;
			children = (
				70186FAB1BC912460082A71F /* Base */,
			);
			name = Interface.storyboard;
			sourceTree = "<group>";
		};
/* End PBXVariantGroup section */

/* Begin XCBuildConfiguration section */
		70186FC71BC912460082A71F /* Debug */ = {
			isa = XCBuildConfiguration;
			buildSettings = {
				ALWAYS_SEARCH_USER_PATHS = NO;
				CLANG_CXX_LANGUAGE_STANDARD = "gnu++0x";
				CLANG_CXX_LIBRARY = "libc++";
				CLANG_ENABLE_MODULES = YES;
				CLANG_ENABLE_OBJC_ARC = YES;
				CLANG_WARN_BOOL_CONVERSION = YES;
				CLANG_WARN_CONSTANT_CONVERSION = YES;
				CLANG_WARN_DIRECT_OBJC_ISA_USAGE = YES_ERROR;
				CLANG_WARN_EMPTY_BODY = YES;
				CLANG_WARN_ENUM_CONVERSION = YES;
				CLANG_WARN_INT_CONVERSION = YES;
				CLANG_WARN_OBJC_ROOT_CLASS = YES_ERROR;
				CLANG_WARN_UNREACHABLE_CODE = YES;
				CLANG_WARN__DUPLICATE_METHOD_MATCH = YES;
				"CODE_SIGN_IDENTITY[sdk=iphoneos*]" = "iPhone Developer";
				COPY_PHASE_STRIP = NO;
				DEBUG_INFORMATION_FORMAT = dwarf;
				ENABLE_STRICT_OBJC_MSGSEND = YES;
				ENABLE_TESTABILITY = YES;
				GCC_C_LANGUAGE_STANDARD = gnu99;
				GCC_DYNAMIC_NO_PIC = NO;
				GCC_NO_COMMON_BLOCKS = YES;
				GCC_OPTIMIZATION_LEVEL = 0;
				GCC_PREPROCESSOR_DEFINITIONS = (
					"DEBUG=1",
					"$(inherited)",
				);
				GCC_WARN_64_TO_32_BIT_CONVERSION = YES;
				GCC_WARN_ABOUT_RETURN_TYPE = YES_ERROR;
				GCC_WARN_UNDECLARED_SELECTOR = YES;
				GCC_WARN_UNINITIALIZED_AUTOS = YES_AGGRESSIVE;
				GCC_WARN_UNUSED_FUNCTION = YES;
				GCC_WARN_UNUSED_VARIABLE = YES;
				IPHONEOS_DEPLOYMENT_TARGET = 9.0;
				MTL_ENABLE_DEBUG_INFO = YES;
				ONLY_ACTIVE_ARCH = YES;
				SDKROOT = iphoneos;
			};
			name = Debug;
		};
		70186FC81BC912460082A71F /* Release */ = {
			isa = XCBuildConfiguration;
			buildSettings = {
				ALWAYS_SEARCH_USER_PATHS = NO;
				CLANG_CXX_LANGUAGE_STANDARD = "gnu++0x";
				CLANG_CXX_LIBRARY = "libc++";
				CLANG_ENABLE_MODULES = YES;
				CLANG_ENABLE_OBJC_ARC = YES;
				CLANG_WARN_BOOL_CONVERSION = YES;
				CLANG_WARN_CONSTANT_CONVERSION = YES;
				CLANG_WARN_DIRECT_OBJC_ISA_USAGE = YES_ERROR;
				CLANG_WARN_EMPTY_BODY = YES;
				CLANG_WARN_ENUM_CONVERSION = YES;
				CLANG_WARN_INT_CONVERSION = YES;
				CLANG_WARN_OBJC_ROOT_CLASS = YES_ERROR;
				CLANG_WARN_UNREACHABLE_CODE = YES;
				CLANG_WARN__DUPLICATE_METHOD_MATCH = YES;
				"CODE_SIGN_IDENTITY[sdk=iphoneos*]" = "iPhone Developer";
				COPY_PHASE_STRIP = NO;
				DEBUG_INFORMATION_FORMAT = "dwarf-with-dsym";
				ENABLE_NS_ASSERTIONS = NO;
				ENABLE_STRICT_OBJC_MSGSEND = YES;
				GCC_C_LANGUAGE_STANDARD = gnu99;
				GCC_NO_COMMON_BLOCKS = YES;
				GCC_WARN_64_TO_32_BIT_CONVERSION = YES;
				GCC_WARN_ABOUT_RETURN_TYPE = YES_ERROR;
				GCC_WARN_UNDECLARED_SELECTOR = YES;
				GCC_WARN_UNINITIALIZED_AUTOS = YES_AGGRESSIVE;
				GCC_WARN_UNUSED_FUNCTION = YES;
				GCC_WARN_UNUSED_VARIABLE = YES;
				IPHONEOS_DEPLOYMENT_TARGET = 9.0;
				MTL_ENABLE_DEBUG_INFO = NO;
				SDKROOT = iphoneos;
				VALIDATE_PRODUCT = YES;
			};
			name = Release;
		};
		70186FCA1BC912460082A71F /* Debug */ = {
			isa = XCBuildConfiguration;
			buildSettings = {
				INFOPLIST_FILE = "07-多控制器 WatchKit Extension/Info.plist";
				LD_RUNPATH_SEARCH_PATHS = "$(inherited) @executable_path/Frameworks @executable_path/../../Frameworks";
				PRODUCT_BUNDLE_IDENTIFIER = "com.520it.-7-----.watchkitapp.watchkitextension";
				PRODUCT_NAME = "${TARGET_NAME}";
				SDKROOT = watchos;
				SKIP_INSTALL = YES;
				TARGETED_DEVICE_FAMILY = 4;
				WATCHOS_DEPLOYMENT_TARGET = 2.0;
			};
			name = Debug;
		};
		70186FCB1BC912460082A71F /* Release */ = {
			isa = XCBuildConfiguration;
			buildSettings = {
				INFOPLIST_FILE = "07-多控制器 WatchKit Extension/Info.plist";
				LD_RUNPATH_SEARCH_PATHS = "$(inherited) @executable_path/Frameworks @executable_path/../../Frameworks";
				PRODUCT_BUNDLE_IDENTIFIER = "com.520it.-7-----.watchkitapp.watchkitextension";
				PRODUCT_NAME = "${TARGET_NAME}";
				SDKROOT = watchos;
				SKIP_INSTALL = YES;
				TARGETED_DEVICE_FAMILY = 4;
				WATCHOS_DEPLOYMENT_TARGET = 2.0;
			};
			name = Release;
		};
		70186FCE1BC912460082A71F /* Debug */ = {
			isa = XCBuildConfiguration;
			buildSettings = {
				ASSETCATALOG_COMPILER_APPICON_NAME = AppIcon;
				IBSC_MODULE = "_7______WatchKit_Extension";
				INFOPLIST_FILE = "07-多控制器 WatchKit App/Info.plist";
				PRODUCT_BUNDLE_IDENTIFIER = "com.520it.-7-----.watchkitapp";
				PRODUCT_NAME = "$(TARGET_NAME)";
				SDKROOT = watchos;
				SKIP_INSTALL = YES;
				TARGETED_DEVICE_FAMILY = 4;
				WATCHOS_DEPLOYMENT_TARGET = 2.0;
			};
			name = Debug;
		};
		70186FCF1BC912460082A71F /* Release */ = {
			isa = XCBuildConfiguration;
			buildSettings = {
				ASSETCATALOG_COMPILER_APPICON_NAME = AppIcon;
				IBSC_MODULE = "_7______WatchKit_Extension";
				INFOPLIST_FILE = "07-多控制器 WatchKit App/Info.plist";
				PRODUCT_BUNDLE_IDENTIFIER = "com.520it.-7-----.watchkitapp";
				PRODUCT_NAME = "$(TARGET_NAME)";
				SDKROOT = watchos;
				SKIP_INSTALL = YES;
				TARGETED_DEVICE_FAMILY = 4;
				WATCHOS_DEPLOYMENT_TARGET = 2.0;
			};
			name = Release;
		};
		70186FD21BC912460082A71F /* Debug */ = {
			isa = XCBuildConfiguration;
			buildSettings = {
				ASSETCATALOG_COMPILER_APPICON_NAME = AppIcon;
				INFOPLIST_FILE = "07-多控制器/Info.plist";
				LD_RUNPATH_SEARCH_PATHS = "$(inherited) @executable_path/Frameworks";
				PRODUCT_BUNDLE_IDENTIFIER = "com.520it.-7-----";
				PRODUCT_NAME = "$(TARGET_NAME)";
			};
			name = Debug;
		};
		70186FD31BC912460082A71F /* Release */ = {
			isa = XCBuildConfiguration;
			buildSettings = {
				ASSETCATALOG_COMPILER_APPICON_NAME = AppIcon;
				INFOPLIST_FILE = "07-多控制器/Info.plist";
				LD_RUNPATH_SEARCH_PATHS = "$(inherited) @executable_path/Frameworks";
				PRODUCT_BUNDLE_IDENTIFIER = "com.520it.-7-----";
				PRODUCT_NAME = "$(TARGET_NAME)";
			};
			name = Release;
		};
		70186FD51BC912460082A71F /* Debug */ = {
			isa = XCBuildConfiguration;
			buildSettings = {
				BUNDLE_LOADER = "$(TEST_HOST)";
				INFOPLIST_FILE = "07-多控制器Tests/Info.plist";
				LD_RUNPATH_SEARCH_PATHS = "$(inherited) @executable_path/Frameworks @loader_path/Frameworks";
				PRODUCT_BUNDLE_IDENTIFIER = "com.520it.-7-----Tests";
				PRODUCT_NAME = "$(TARGET_NAME)";
				TEST_HOST = "$(BUILT_PRODUCTS_DIR)/07-多控制器.app/07-多控制器";
			};
			name = Debug;
		};
		70186FD61BC912460082A71F /* Release */ = {
			isa = XCBuildConfiguration;
			buildSettings = {
				BUNDLE_LOADER = "$(TEST_HOST)";
				INFOPLIST_FILE = "07-多控制器Tests/Info.plist";
				LD_RUNPATH_SEARCH_PATHS = "$(inherited) @executable_path/Frameworks @loader_path/Frameworks";
				PRODUCT_BUNDLE_IDENTIFIER = "com.520it.-7-----Tests";
				PRODUCT_NAME = "$(TARGET_NAME)";
				TEST_HOST = "$(BUILT_PRODUCTS_DIR)/07-多控制器.app/07-多控制器";
			};
			name = Release;
		};
		70186FD81BC912460082A71F /* Debug */ = {
			isa = XCBuildConfiguration;
			buildSettings = {
				INFOPLIST_FILE = "07-多控制器UITests/Info.plist";
				LD_RUNPATH_SEARCH_PATHS = "$(inherited) @executable_path/Frameworks @loader_path/Frameworks";
				PRODUCT_BUNDLE_IDENTIFIER = "com.520it.-7-----UITests";
				PRODUCT_NAME = "$(TARGET_NAME)";
				TEST_TARGET_NAME = "07-多控制器";
				USES_XCTRUNNER = YES;
			};
			name = Debug;
		};
		70186FD91BC912460082A71F /* Release */ = {
			isa = XCBuildConfiguration;
			buildSettings = {
				INFOPLIST_FILE = "07-多控制器UITests/Info.plist";
				LD_RUNPATH_SEARCH_PATHS = "$(inherited) @executable_path/Frameworks @loader_path/Frameworks";
				PRODUCT_BUNDLE_IDENTIFIER = "com.520it.-7-----UITests";
				PRODUCT_NAME = "$(TARGET_NAME)";
				TEST_TARGET_NAME = "07-多控制器";
				USES_XCTRUNNER = YES;
			};
			name = Release;
		};
/* End XCBuildConfiguration section */

/* Begin XCConfigurationList section */
		70186F731BC912450082A71F /* Build configuration list for PBXProject "07-多控制器" */ = {
			isa = XCConfigurationList;
			buildConfigurations = (
				70186FC71BC912460082A71F /* Debug */,
				70186FC81BC912460082A71F /* Release */,
			);
			defaultConfigurationIsVisible = 0;
			defaultConfigurationName = Release;
		};
		70186FC91BC912460082A71F /* Build configuration list for PBXNativeTarget "07-多控制器 WatchKit Extension" */ = {
			isa = XCConfigurationList;
			buildConfigurations = (
				70186FCA1BC912460082A71F /* Debug */,
				70186FCB1BC912460082A71F /* Release */,
			);
			defaultConfigurationIsVisible = 0;
		};
		70186FCD1BC912460082A71F /* Build configuration list for PBXNativeTarget "07-多控制器 WatchKit App" */ = {
			isa = XCConfigurationList;
			buildConfigurations = (
				70186FCE1BC912460082A71F /* Debug */,
				70186FCF1BC912460082A71F /* Release */,
			);
			defaultConfigurationIsVisible = 0;
		};
		70186FD11BC912460082A71F /* Build configuration list for PBXNativeTarget "07-多控制器" */ = {
			isa = XCConfigurationList;
			buildConfigurations = (
				70186FD21BC912460082A71F /* Debug */,
				70186FD31BC912460082A71F /* Release */,
			);
			defaultConfigurationIsVisible = 0;
		};
		70186FD41BC912460082A71F /* Build configuration list for PBXNativeTarget "07-多控制器Tests" */ = {
			isa = XCConfigurationList;
			buildConfigurations = (
				70186FD51BC912460082A71F /* Debug */,
				70186FD61BC912460082A71F /* Release */,
			);
			defaultConfigurationIsVisible = 0;
		};
		70186FD71BC912460082A71F /* Build configuration list for PBXNativeTarget "07-多控制器UITests" */ = {
			isa = XCConfigurationList;
			buildConfigurations = (
				70186FD81BC912460082A71F /* Debug */,
				70186FD91BC912460082A71F /* Release */,
			);
			defaultConfigurationIsVisible = 0;
		};
/* End XCConfigurationList section */
	};
	rootObject = 70186F701BC912450082A71F /* Project object */;
}
